
Microsoft Visual Studio Solution File, Format Version 12.00
# Visual Studio 14
VisualStudioVersion = 14.0.25420.1
MinimumVisualStudioVersion = 10.0.40219.1
Project("{FAE04EC0-301F-11D3-BF4B-00C04F79EFBC}") = "OnlineShop", "OnlineShop\OnlineShop.csproj", "{F221CF17-CE15-4672-BFCC-EB00B9519C30}"
EndProject
Project("{FAE04EC0-301F-11D3-BF4B-00C04F79EFBC}") = "Models", "Models\Models.csproj", "{DB4B435F-4BD6-4B52-B538-A0EC29EDBBB5}"
EndProject
Global
	GlobalSection(SolutionConfigurationPlatforms) = preSolution
		Debug|Any CPU = Debug|Any CPU
		Release|Any CPU = Release|Any CPU
	EndGlobalSection
	GlobalSection(ProjectConfigurationPlatforms) = postSolution
		{F221CF17-CE15-4672-BFCC-EB00B9519C30}.Debug|Any CPU.ActiveCfg = Debug|Any CPU
		{F221CF17-CE15-4672-BFCC-EB00B9519C30}.Debug|Any CPU.Build.0 = Debug|Any CPU
		{F221CF17-CE15-4672-BFCC-EB00B9519C30}.Release|Any CPU.ActiveCfg = Release|Any CPU
		{F221CF17-CE15-4672-BFCC-EB00B9519C30}.Release|Any CPU.Build.0 = Release|Any CPU
		{DB4B435F-4BD6-4B52-B538-A0EC29EDBBB5}.Debug|Any CPU.ActiveCfg = Debug|Any CPU
		{DB4B435F-4BD6-4B52-B538-A0EC29EDBBB5}.Debug|Any CPU.Build.0 = Debug|Any CPU
		{DB4B435F-4BD6-4B52-B538-A0EC29EDBBB5}.Release|Any CPU.ActiveCfg = Release|Any CPU
		{DB4B435F-4BD6-4B52-B538-A0EC29EDBBB5}.Release|Any CPU.Build.0 = Release|Any CPU
	EndGlobalSection
	GlobalSection(SolutionProperties) = preSolution
		HideSolutionNode = FALSE
	EndGlobalSection
EndGlobal
